
Microsoft Visual Studio Solution File, Format Version 12.00
# Visual Studio Version 18
VisualStudioVersion = 18.6.11822.322
MinimumVisualStudioVersion = 10.0.40219.1
Project("{FAE04EC0-301F-11D3-BF4B-00C04F79EFBC}") = "DataAcquisitionAndMonitoringSystem", "DataAcquisitionAndMonitoringSystem\DataAcquisitionAndMonitoringSystem.csproj", "{58107610-8FAB-4A1E-9762-8BA9664BCC3A}"
EndProject
Project("{FAE04EC0-301F-11D3-BF4B-00C04F79EFBC}") = "Communication", "Communication\Communication.csproj", "{172D1311-555A-4F71-9544-74095BB8DB74}"
EndProject
Project("{FAE04EC0-301F-11D3-BF4B-00C04F79EFBC}") = "Controls", "Controls\Controls.csproj", "{AA979577-A340-48E8-B7CF-4C95EE082EC8}"
EndProject
Global
	GlobalSection(SolutionConfigurationPlatforms) = preSolution
		Debug|Any CPU = Debug|Any CPU
		Release|Any CPU = Release|Any CPU
	EndGlobalSection
	GlobalSection(ProjectConfigurationPlatforms) = postSolution
		{58107610-8FAB-4A1E-9762-8BA9664BCC3A}.Debug|Any CPU.ActiveCfg = Debug|Any CPU
		{58107610-8FAB-4A1E-9762-8BA9664BCC3A}.Debug|Any CPU.Build.0 = Debug|Any CPU
		{58107610-8FAB-4A1E-9762-8BA9664BCC3A}.Release|Any CPU.ActiveCfg = Release|Any CPU
		{58107610-8FAB-4A1E-9762-8BA9664BCC3A}.Release|Any CPU.Build.0 = Release|Any CPU
		{172D1311-555A-4F71-9544-74095BB8DB74}.Debug|Any CPU.ActiveCfg = Debug|Any CPU
		{172D1311-555A-4F71-9544-74095BB8DB74}.Debug|Any CPU.Build.0 = Debug|Any CPU
		{172D1311-555A-4F71-9544-74095BB8DB74}.Release|Any CPU.ActiveCfg = Release|Any CPU
		{172D1311-555A-4F71-9544-74095BB8DB74}.Release|Any CPU.Build.0 = Release|Any CPU
		{AA979577-A340-48E8-B7CF-4C95EE082EC8}.Debug|Any CPU.ActiveCfg = Debug|Any CPU
		{AA979577-A340-48E8-B7CF-4C95EE082EC8}.Debug|Any CPU.Build.0 = Debug|Any CPU
		{AA979577-A340-48E8-B7CF-4C95EE082EC8}.Release|Any CPU.ActiveCfg = Release|Any CPU
		{AA979577-A340-48E8-B7CF-4C95EE082EC8}.Release|Any CPU.Build.0 = Release|Any CPU
	EndGlobalSection
	GlobalSection(SolutionProperties) = preSolution
		HideSolutionNode = FALSE
	EndGlobalSection
	GlobalSection(ExtensibilityGlobals) = postSolution
		SolutionGuid = {586A2DF1-A71A-4EB8-B83F-11C6598ECA46}
	EndGlobalSection
EndGlobal
